
Microsoft Visual Studio Solution File, Format Version 12.00
# Visual Studio Version 17
VisualStudioVersion = 17.1.31911.260
MinimumVisualStudioVersion = 10.0.40219.1
Project("{2150E333-8FDC-42A3-9474-1A3956D46DE8}") = "10. Libraries", "10. Libraries", "{732BA5A9-FCF5-4E83-9591-40E2E81B78D0}"
EndProject
Project("{2150E333-8FDC-42A3-9474-1A3956D46DE8}") = "20. Data", "20. Data", "{D6BF6182-6F50-4363-A2BA-442D348FE799}"
EndProject
Project("{2150E333-8FDC-42A3-9474-1A3956D46DE8}") = "40. Services", "40. Services", "{A5DEC09A-A686-40A9-BA59-3E42BC3228F4}"
EndProject
Project("{2150E333-8FDC-42A3-9474-1A3956D46DE8}") = "50. Tools", "50. Tools", "{B95F6A28-0F0C-4DEB-BE0E-0C0362628283}"
EndProject
Project("{2150E333-8FDC-42A3-9474-1A3956D46DE8}") = "30. Providers", "30. Providers", "{9BD080FB-416D-43EE-8344-A029AE6C1816}"
EndProject
Project("{9A19103F-16F7-4668-BE54-9A1E7A4F7556}") = "CG.Purple.Primitives", "..\src\Libraries\CG.Purple.Primitives\CG.Purple.Primitives.csproj", "{C82BD274-CB17-4875-A80F-B5576055CDD5}"
EndProject
Project("{9A19103F-16F7-4668-BE54-9A1E7A4F7556}") = "CG.Purple.Abstractions", "..\src\Libraries\CG.Purple.Abstractions\CG.Purple.Abstractions.csproj", "{45B69B80-5FB9-4D1E-BBF7-95B3415C81A5}"
EndProject
Project("{9A19103F-16F7-4668-BE54-9A1E7A4F7556}") = "CG.Purple", "..\src\Libraries\CG.Purple\CG.Purple.csproj", "{00B08B85-3A3C-421E-A39C-379B7D4435FB}"
EndProject
Project("{9A19103F-16F7-4668-BE54-9A1E7A4F7556}") = "CG.Purple.Seeding", "..\src\Libraries\CG.Purple.Seeding\CG.Purple.Seeding.csproj", "{64B2492E-A010-4E01-AF30-2F1D77F2A134}"
EndProject
Project("{9A19103F-16F7-4668-BE54-9A1E7A4F7556}") = "CG.Purple.SqlServer", "..\src\Data\CG.Purple.SqlServer\CG.Purple.SqlServer.csproj", "{BC185F6A-5F05-4DFF-A373-B664D1EA784D}"
EndProject
Project("{9A19103F-16F7-4668-BE54-9A1E7A4F7556}") = "CG.Purple.SendGrid", "..\src\Providers\CG.Purple.SendGrid\CG.Purple.SendGrid.csproj", "{91230FF8-DD21-495E-92DD-6C636B920615}"
EndProject
Project("{9A19103F-16F7-4668-BE54-9A1E7A4F7556}") = "CG.Purple.Smtp", "..\src\Providers\CG.Purple.Smtp\CG.Purple.Smtp.csproj", "{91DA2D29-EEC8-4F65-97E1-476BD96B3FBD}"
EndProject
Project("{9A19103F-16F7-4668-BE54-9A1E7A4F7556}") = "CG.Purple.Twillio", "..\src\Providers\CG.Purple.Twillio\CG.Purple.Twillio.csproj", "{7CC0A1CD-F510-4F7F-8623-91B411C1D62B}"
EndProject
Project("{9A19103F-16F7-4668-BE54-9A1E7A4F7556}") = "CG.Purple.Host", "..\src\Services\CG.Purple.Host\CG.Purple.Host.csproj", "{00B893BA-63EA-405B-AA25-9F53FA39CE70}"
EndProject
Project("{9A19103F-16F7-4668-BE54-9A1E7A4F7556}") = "CG.Purple.Host.Controllers", "..\src\Services\CG.Purple.Host.Controllers\CG.Purple.Host.Controllers.csproj", "{F0C493DD-FB2C-405D-A09C-A5CDEE7DBA27}"
EndProject
Project("{9A19103F-16F7-4668-BE54-9A1E7A4F7556}") = "CG.Purple.Host.Services", "..\src\Services\CG.Purple.Host.Services\CG.Purple.Host.Services.csproj", "{573E244F-F9DE-4EE7-A5EF-5C97563B45BC}"
EndProject
Project("{FAE04EC0-301F-11D3-BF4B-00C04F79EFBC}") = "CG.Purple.Tests", "CG.Purple.Tests\CG.Purple.Tests.csproj", "{85DC451A-EE2A-478B-8B2F-FDC09E2877F4}"
EndProject
Project("{FAE04EC0-301F-11D3-BF4B-00C04F79EFBC}") = "CG.Purple.Seeding.Tests", "CG.Purple.Seeding.Tests\CG.Purple.Seeding.Tests.csproj", "{1C1A28BC-8287-4836-8667-AC7030E2422A}"
EndProject
Project("{FAE04EC0-301F-11D3-BF4B-00C04F79EFBC}") = "CG.Purple.SqlServer.Tests", "CG.Purple.SqlServer.Tests\CG.Purple.SqlServer.Tests.csproj", "{90E39614-4919-487F-885C-6A825BD0BAF1}"
EndProject
Project("{FAE04EC0-301F-11D3-BF4B-00C04F79EFBC}") = "CG.Purple.SendGrid.Tests", "CG.Purple.SendGrid.Tests\CG.Purple.SendGrid.Tests.csproj", "{D59CF8D4-0276-45E0-B34F-99859D29D13C}"
EndProject
Project("{FAE04EC0-301F-11D3-BF4B-00C04F79EFBC}") = "CG.Purple.Smtp.Tests", "CG.Purple.Smtp.Tests\CG.Purple.Smtp.Tests.csproj", "{80B4E84D-AEA7-4EA4-BFE8-1794C91EA56D}"
EndProject
Project("{FAE04EC0-301F-11D3-BF4B-00C04F79EFBC}") = "CG.Purple.Twillio.Tests", "CG.Purple.Twillio.Tests\CG.Purple.Twillio.Tests.csproj", "{A0D73ED2-6FD0-4702-A08B-1CD8BE8F8B0C}"
EndProject
Project("{FAE04EC0-301F-11D3-BF4B-00C04F79EFBC}") = "CG.Purple.Host.Tests", "CG.Purple.Host.Tests\CG.Purple.Host.Tests.csproj", "{3A65CD1E-AF30-45AB-85F8-7721CACCBA1F}"
EndProject
Project("{FAE04EC0-301F-11D3-BF4B-00C04F79EFBC}") = "CG.Purple.Host.Controllers.Tests", "CG.Purple.Host.Controllers.Tests\CG.Purple.Host.Controllers.Tests.csproj", "{A1D9BD1E-4301-4B24-A60B-8D476677E190}"
EndProject
Project("{FAE04EC0-301F-11D3-BF4B-00C04F79EFBC}") = "CG.Purple.Host.Services.Tests", "CG.Purple.Host.Services.Tests\CG.Purple.Host.Services.Tests.csproj", "{9CF59666-71F5-4601-8A38-CD609707BE72}"
EndProject
Global
	GlobalSection(SolutionConfigurationPlatforms) = preSolution
		Debug|Any CPU = Debug|Any CPU
		Release|Any CPU = Release|Any CPU
	EndGlobalSection
	GlobalSection(ProjectConfigurationPlatforms) = postSolution
		{C82BD274-CB17-4875-A80F-B5576055CDD5}.Debug|Any CPU.ActiveCfg = Debug|Any CPU
		{C82BD274-CB17-4875-A80F-B5576055CDD5}.Debug|Any CPU.Build.0 = Debug|Any CPU
		{C82BD274-CB17-4875-A80F-B5576055CDD5}.Release|Any CPU.ActiveCfg = Release|Any CPU
		{C82BD274-CB17-4875-A80F-B5576055CDD5}.Release|Any CPU.Build.0 = Release|Any CPU
		{45B69B80-5FB9-4D1E-BBF7-95B3415C81A5}.Debug|Any CPU.ActiveCfg = Debug|Any CPU
		{45B69B80-5FB9-4D1E-BBF7-95B3415C81A5}.Debug|Any CPU.Build.0 = Debug|Any CPU
		{45B69B80-5FB9-4D1E-BBF7-95B3415C81A5}.Release|Any CPU.ActiveCfg = Release|Any CPU
		{45B69B80-5FB9-4D1E-BBF7-95B3415C81A5}.Release|Any CPU.Build.0 = Release|Any CPU
		{00B08B85-3A3C-421E-A39C-379B7D4435FB}.Debug|Any CPU.ActiveCfg = Debug|Any CPU
		{00B08B85-3A3C-421E-A39C-379B7D4435FB}.Debug|Any CPU.Build.0 = Debug|Any CPU
		{00B08B85-3A3C-421E-A39C-379B7D4435FB}.Release|Any CPU.ActiveCfg = Release|Any CPU
		{00B08B85-3A3C-421E-A39C-379B7D4435FB}.Release|Any CPU.Build.0 = Release|Any CPU
		{64B2492E-A010-4E01-AF30-2F1D77F2A134}.Debug|Any CPU.ActiveCfg = Debug|Any CPU
		{64B2492E-A010-4E01-AF30-2F1D77F2A134}.Debug|Any CPU.Build.0 = Debug|Any CPU
		{64B2492E-A010-4E01-AF30-2F1D77F2A134}.Release|Any CPU.ActiveCfg = Release|Any CPU
		{64B2492E-A010-4E01-AF30-2F1D77F2A134}.Release|Any CPU.Build.0 = Release|Any CPU
		{BC185F6A-5F05-4DFF-A373-B664D1EA784D}.Debug|Any CPU.ActiveCfg = Debug|Any CPU
		{BC185F6A-5F05-4DFF-A373-B664D1EA784D}.Debug|Any CPU.Build.0 = Debug|Any CPU
		{BC185F6A-5F05-4DFF-A373-B664D1EA784D}.Release|Any CPU.ActiveCfg = Release|Any CPU
		{BC185F6A-5F05-4DFF-A373-B664D1EA784D}.Release|Any CPU.Build.0 = Release|Any CPU
		{91230FF8-DD21-495E-92DD-6C636B920615}.Debug|Any CPU.ActiveCfg = Debug|Any CPU
		{91230FF8-DD21-495E-92DD-6C636B920615}.Debug|Any CPU.Build.0 = Debug|Any CPU
		{91230FF8-DD21-495E-92DD-6C636B920615}.Release|Any CPU.ActiveCfg = Release|Any CPU
		{91230FF8-DD21-495E-92DD-6C636B920615}.Release|Any CPU.Build.0 = Release|Any CPU
		{91DA2D29-EEC8-4F65-97E1-476BD96B3FBD}.Debug|Any CPU.ActiveCfg = Debug|Any CPU
		{91DA2D29-EEC8-4F65-97E1-476BD96B3FBD}.Debug|Any CPU.Build.0 = Debug|Any CPU
		{91DA2D29-EEC8-4F65-97E1-476BD96B3FBD}.Release|Any CPU.ActiveCfg = Release|Any CPU
		{91DA2D29-EEC8-4F65-97E1-476BD96B3FBD}.Release|Any CPU.Build.0 = Release|Any CPU
		{7CC0A1CD-F510-4F7F-8623-91B411C1D62B}.Debug|Any CPU.ActiveCfg = Debug|Any CPU
		{7CC0A1CD-F510-4F7F-8623-91B411C1D62B}.Debug|Any CPU.Build.0 = Debug|Any CPU
		{7CC0A1CD-F510-4F7F-8623-91B411C1D62B}.Release|Any CPU.ActiveCfg = Release|Any CPU
		{7CC0A1CD-F510-4F7F-8623-91B411C1D62B}.Release|Any CPU.Build.0 = Release|Any CPU
		{00B893BA-63EA-405B-AA25-9F53FA39CE70}.Debug|Any CPU.ActiveCfg = Debug|Any CPU
		{00B893BA-63EA-405B-AA25-9F53FA39CE70}.Debug|Any CPU.Build.0 = Debug|Any CPU
		{00B893BA-63EA-405B-AA25-9F53FA39CE70}.Release|Any CPU.ActiveCfg = Release|Any CPU
		{00B893BA-63EA-405B-AA25-9F53FA39CE70}.Release|Any CPU.Build.0 = Release|Any CPU
		{F0C493DD-FB2C-405D-A09C-A5CDEE7DBA27}.Debug|Any CPU.ActiveCfg = Debug|Any CPU
		{F0C493DD-FB2C-405D-A09C-A5CDEE7DBA27}.Debug|Any CPU.Build.0 = Debug|Any CPU
		{F0C493DD-FB2C-405D-A09C-A5CDEE7DBA27}.Release|Any CPU.ActiveCfg = Release|Any CPU
		{F0C493DD-FB2C-405D-A09C-A5CDEE7DBA27}.Release|Any CPU.Build.0 = Release|Any CPU
		{573E244F-F9DE-4EE7-A5EF-5C97563B45BC}.Debug|Any CPU.ActiveCfg = Debug|Any CPU
		{573E244F-F9DE-4EE7-A5EF-5C97563B45BC}.Debug|Any CPU.Build.0 = Debug|Any CPU
		{573E244F-F9DE-4EE7-A5EF-5C97563B45BC}.Release|Any CPU.ActiveCfg = Release|Any CPU
		{573E244F-F9DE-4EE7-A5EF-5C97563B45BC}.Release|Any CPU.Build.0 = Release|Any CPU
		{85DC451A-EE2A-478B-8B2F-FDC09E2877F4}.Debug|Any CPU.ActiveCfg = Debug|Any CPU
		{85DC451A-EE2A-478B-8B2F-FDC09E2877F4}.Debug|Any CPU.Build.0 = Debug|Any CPU
		{85DC451A-EE2A-478B-8B2F-FDC09E2877F4}.Release|Any CPU.ActiveCfg = Release|Any CPU
		{85DC451A-EE2A-478B-8B2F-FDC09E2877F4}.Release|Any CPU.Build.0 = Release|Any CPU
		{1C1A28BC-8287-4836-8667-AC7030E2422A}.Debug|Any CPU.ActiveCfg = Debug|Any CPU
		{1C1A28BC-8287-4836-8667-AC7030E2422A}.Debug|Any CPU.Build.0 = Debug|Any CPU
		{1C1A28BC-8287-4836-8667-AC7030E2422A}.Release|Any CPU.ActiveCfg = Release|Any CPU
		{1C1A28BC-8287-4836-8667-AC7030E2422A}.Release|Any CPU.Build.0 = Release|Any CPU
		{90E39614-4919-487F-885C-6A825BD0BAF1}.Debug|Any CPU.ActiveCfg = Debug|Any CPU
		{90E39614-4919-487F-885C-6A825BD0BAF1}.Debug|Any CPU.Build.0 = Debug|Any CPU
		{90E39614-4919-487F-885C-6A825BD0BAF1}.Release|Any CPU.ActiveCfg = Release|Any CPU
		{90E39614-4919-487F-885C-6A825BD0BAF1}.Release|Any CPU.Build.0 = Release|Any CPU
		{D59CF8D4-0276-45E0-B34F-99859D29D13C}.Debug|Any CPU.ActiveCfg = Debug|Any CPU
		{D59CF8D4-0276-45E0-B34F-99859D29D13C}.Debug|Any CPU.Build.0 = Debug|Any CPU
		{D59CF8D4-0276-45E0-B34F-99859D29D13C}.Release|Any CPU.ActiveCfg = Release|Any CPU
		{D59CF8D4-0276-45E0-B34F-99859D29D13C}.Release|Any CPU.Build.0 = Release|Any CPU
		{80B4E84D-AEA7-4EA4-BFE8-1794C91EA56D}.Debug|Any CPU.ActiveCfg = Debug|Any CPU
		{80B4E84D-AEA7-4EA4-BFE8-1794C91EA56D}.Debug|Any CPU.Build.0 = Debug|Any CPU
		{80B4E84D-AEA7-4EA4-BFE8-1794C91EA56D}.Release|Any CPU.ActiveCfg = Release|Any CPU
		{80B4E84D-AEA7-4EA4-BFE8-1794C91EA56D}.Release|Any CPU.Build.0 = Release|Any CPU
		{A0D73ED2-6FD0-4702-A08B-1CD8BE8F8B0C}.Debug|Any CPU.ActiveCfg = Debug|Any CPU
		{A0D73ED2-6FD0-4702-A08B-1CD8BE8F8B0C}.Debug|Any CPU.Build.0 = Debug|Any CPU
		{A0D73ED2-6FD0-4702-A08B-1CD8BE8F8B0C}.Release|Any CPU.ActiveCfg = Release|Any CPU
		{A0D73ED2-6FD0-4702-A08B-1CD8BE8F8B0C}.Release|Any CPU.Build.0 = Release|Any CPU
		{3A65CD1E-AF30-45AB-85F8-7721CACCBA1F}.Debug|Any CPU.ActiveCfg = Debug|Any CPU
		{3A65CD1E-AF30-45AB-85F8-7721CACCBA1F}.Debug|Any CPU.Build.0 = Debug|Any CPU
		{3A65CD1E-AF30-45AB-85F8-7721CACCBA1F}.Release|Any CPU.ActiveCfg = Release|Any CPU
		{3A65CD1E-AF30-45AB-85F8-7721CACCBA1F}.Release|Any CPU.Build.0 = Release|Any CPU
		{A1D9BD1E-4301-4B24-A60B-8D476677E190}.Debug|Any CPU.ActiveCfg = Debug|Any CPU
		{A1D9BD1E-4301-4B24-A60B-8D476677E190}.Debug|Any CPU.Build.0 = Debug|Any CPU
		{A1D9BD1E-4301-4B24-A60B-8D476677E190}.Release|Any CPU.ActiveCfg = Release|Any CPU
		{A1D9BD1E-4301-4B24-A60B-8D476677E190}.Release|Any CPU.Build.0 = Release|Any CPU
		{9CF59666-71F5-4601-8A38-CD609707BE72}.Debug|Any CPU.ActiveCfg = Debug|Any CPU
		{9CF59666-71F5-4601-8A38-CD609707BE72}.Debug|Any CPU.Build.0 = Debug|Any CPU
		{9CF59666-71F5-4601-8A38-CD609707BE72}.Release|Any CPU.ActiveCfg = Release|Any CPU
		{9CF59666-71F5-4601-8A38-CD609707BE72}.Release|Any CPU.Build.0 = Release|Any CPU
	EndGlobalSection
	GlobalSection(SolutionProperties) = preSolution
		HideSolutionNode = FALSE
	EndGlobalSection
	GlobalSection(NestedProjects) = preSolution
		{C82BD274-CB17-4875-A80F-B5576055CDD5} = {732BA5A9-FCF5-4E83-9591-40E2E81B78D0}
		{45B69B80-5FB9-4D1E-BBF7-95B3415C81A5} = {732BA5A9-FCF5-4E83-9591-40E2E81B78D0}
		{00B08B85-3A3C-421E-A39C-379B7D4435FB} = {732BA5A9-FCF5-4E83-9591-40E2E81B78D0}
		{64B2492E-A010-4E01-AF30-2F1D77F2A134} = {732BA5A9-FCF5-4E83-9591-40E2E81B78D0}
		{BC185F6A-5F05-4DFF-A373-B664D1EA784D} = {D6BF6182-6F50-4363-A2BA-442D348FE799}
		{91230FF8-DD21-495E-92DD-6C636B920615} = {9BD080FB-416D-43EE-8344-A029AE6C1816}
		{91DA2D29-EEC8-4F65-97E1-476BD96B3FBD} = {9BD080FB-416D-43EE-8344-A029AE6C1816}
		{7CC0A1CD-F510-4F7F-8623-91B411C1D62B} = {9BD080FB-416D-43EE-8344-A029AE6C1816}
		{00B893BA-63EA-405B-AA25-9F53FA39CE70} = {A5DEC09A-A686-40A9-BA59-3E42BC3228F4}
		{F0C493DD-FB2C-405D-A09C-A5CDEE7DBA27} = {A5DEC09A-A686-40A9-BA59-3E42BC3228F4}
		{573E244F-F9DE-4EE7-A5EF-5C97563B45BC} = {A5DEC09A-A686-40A9-BA59-3E42BC3228F4}
	EndGlobalSection
	GlobalSection(ExtensibilityGlobals) = postSolution
		SolutionGuid = {EEC32BA8-889C-4B43-9C02-A0A4AA7DFE38}
	EndGlobalSection
EndGlobal
