
Microsoft Visual Studio Solution File, Format Version 12.00
# Visual Studio Version 17
VisualStudioVersion = 17.1.31911.260
MinimumVisualStudioVersion = 10.0.40219.1
Project("{2150E333-8FDC-42A3-9474-1A3956D46DE8}") = "00. Solution Items", "00. Solution Items", "{A48756AF-260A-458D-891A-B2E51DF966BA}"
	ProjectSection(SolutionItems) = preProject
		..\Readme.md = ..\Readme.md
	EndProjectSection
EndProject
Project("{2150E333-8FDC-42A3-9474-1A3956D46DE8}") = "40. Tests", "40. Tests", "{FBBAA195-5595-48A5-B1C2-0B5041104172}"
EndProject
Project("{2150E333-8FDC-42A3-9474-1A3956D46DE8}") = "20. Clients", "20. Clients", "{5617500A-541B-4D2B-86DD-B4C228A1A761}"
EndProject
Project("{2150E333-8FDC-42A3-9474-1A3956D46DE8}") = "10. Framework", "10. Framework", "{FF3D4F10-C1EC-4649-872D-BCCD88E90AFA}"
EndProject
Project("{9A19103F-16F7-4668-BE54-9A1E7A4F7556}") = "CG.Maui", "Framework\CG.Maui\CG.Maui.csproj", "{63EC4C18-256B-4FA1-B2F3-C4E239AD1A28}"
EndProject
Project("{9A19103F-16F7-4668-BE54-9A1E7A4F7556}") = "CG.Purple.Maui", "Clients\CG.Purple.Maui\CG.Purple.Maui.csproj", "{1E7DCB06-95AB-485A-A2AF-86362D52C7F5}"
EndProject
Project("{9A19103F-16F7-4668-BE54-9A1E7A4F7556}") = "CG.Purple.Maui.Tests", "..\tests\CG.Purple.Maui.Tests\CG.Purple.Maui.Tests.csproj", "{EB30FB3D-A0A1-4884-BBD8-C76D1FE4F6E7}"
EndProject
Project("{9A19103F-16F7-4668-BE54-9A1E7A4F7556}") = "CG.Purple.Tools.TestClient.Tests", "..\tests\CG.Purple.Tools.TestClient.Tests\CG.Purple.Tools.TestClient.Tests.csproj", "{76F31848-DFDB-43EB-9167-E587CB04C38D}"
EndProject
Project("{2150E333-8FDC-42A3-9474-1A3956D46DE8}") = "30. Tools", "30. Tools", "{C936AE25-F52D-47A3-A459-F387641BF9FE}"
EndProject
Project("{9A19103F-16F7-4668-BE54-9A1E7A4F7556}") = "CG.Purple.Tools.TestClient", "Tools\CG.Purple.Tools.TestClient\CG.Purple.Tools.TestClient.csproj", "{167BC045-604C-4BCE-9086-15D0D6B9352C}"
EndProject
Global
	GlobalSection(SolutionConfigurationPlatforms) = preSolution
		Debug|Any CPU = Debug|Any CPU
		Debug|x64 = Debug|x64
		Release|Any CPU = Release|Any CPU
		Release|x64 = Release|x64
	EndGlobalSection
	GlobalSection(ProjectConfigurationPlatforms) = postSolution
		{63EC4C18-256B-4FA1-B2F3-C4E239AD1A28}.Debug|Any CPU.ActiveCfg = Debug|Any CPU
		{63EC4C18-256B-4FA1-B2F3-C4E239AD1A28}.Debug|Any CPU.Build.0 = Debug|Any CPU
		{63EC4C18-256B-4FA1-B2F3-C4E239AD1A28}.Debug|x64.ActiveCfg = Debug|Any CPU
		{63EC4C18-256B-4FA1-B2F3-C4E239AD1A28}.Debug|x64.Build.0 = Debug|Any CPU
		{63EC4C18-256B-4FA1-B2F3-C4E239AD1A28}.Release|Any CPU.ActiveCfg = Release|Any CPU
		{63EC4C18-256B-4FA1-B2F3-C4E239AD1A28}.Release|Any CPU.Build.0 = Release|Any CPU
		{63EC4C18-256B-4FA1-B2F3-C4E239AD1A28}.Release|x64.ActiveCfg = Release|Any CPU
		{63EC4C18-256B-4FA1-B2F3-C4E239AD1A28}.Release|x64.Build.0 = Release|Any CPU
		{1E7DCB06-95AB-485A-A2AF-86362D52C7F5}.Debug|Any CPU.ActiveCfg = Debug|Any CPU
		{1E7DCB06-95AB-485A-A2AF-86362D52C7F5}.Debug|Any CPU.Build.0 = Debug|Any CPU
		{1E7DCB06-95AB-485A-A2AF-86362D52C7F5}.Debug|x64.ActiveCfg = Debug|x64
		{1E7DCB06-95AB-485A-A2AF-86362D52C7F5}.Debug|x64.Build.0 = Debug|x64
		{1E7DCB06-95AB-485A-A2AF-86362D52C7F5}.Release|Any CPU.ActiveCfg = Release|Any CPU
		{1E7DCB06-95AB-485A-A2AF-86362D52C7F5}.Release|Any CPU.Build.0 = Release|Any CPU
		{1E7DCB06-95AB-485A-A2AF-86362D52C7F5}.Release|x64.ActiveCfg = Release|x64
		{1E7DCB06-95AB-485A-A2AF-86362D52C7F5}.Release|x64.Build.0 = Release|x64
		{EB30FB3D-A0A1-4884-BBD8-C76D1FE4F6E7}.Debug|Any CPU.ActiveCfg = Debug|Any CPU
		{EB30FB3D-A0A1-4884-BBD8-C76D1FE4F6E7}.Debug|Any CPU.Build.0 = Debug|Any CPU
		{EB30FB3D-A0A1-4884-BBD8-C76D1FE4F6E7}.Debug|x64.ActiveCfg = Debug|x64
		{EB30FB3D-A0A1-4884-BBD8-C76D1FE4F6E7}.Debug|x64.Build.0 = Debug|x64
		{EB30FB3D-A0A1-4884-BBD8-C76D1FE4F6E7}.Release|Any CPU.ActiveCfg = Release|Any CPU
		{EB30FB3D-A0A1-4884-BBD8-C76D1FE4F6E7}.Release|Any CPU.Build.0 = Release|Any CPU
		{EB30FB3D-A0A1-4884-BBD8-C76D1FE4F6E7}.Release|x64.ActiveCfg = Release|x64
		{EB30FB3D-A0A1-4884-BBD8-C76D1FE4F6E7}.Release|x64.Build.0 = Release|x64
		{76F31848-DFDB-43EB-9167-E587CB04C38D}.Debug|Any CPU.ActiveCfg = Debug|Any CPU
		{76F31848-DFDB-43EB-9167-E587CB04C38D}.Debug|Any CPU.Build.0 = Debug|Any CPU
		{76F31848-DFDB-43EB-9167-E587CB04C38D}.Debug|x64.ActiveCfg = Debug|x64
		{76F31848-DFDB-43EB-9167-E587CB04C38D}.Debug|x64.Build.0 = Debug|x64
		{76F31848-DFDB-43EB-9167-E587CB04C38D}.Release|Any CPU.ActiveCfg = Release|Any CPU
		{76F31848-DFDB-43EB-9167-E587CB04C38D}.Release|Any CPU.Build.0 = Release|Any CPU
		{76F31848-DFDB-43EB-9167-E587CB04C38D}.Release|x64.ActiveCfg = Release|x64
		{76F31848-DFDB-43EB-9167-E587CB04C38D}.Release|x64.Build.0 = Release|x64
		{167BC045-604C-4BCE-9086-15D0D6B9352C}.Debug|Any CPU.ActiveCfg = Debug|Any CPU
		{167BC045-604C-4BCE-9086-15D0D6B9352C}.Debug|Any CPU.Build.0 = Debug|Any CPU
		{167BC045-604C-4BCE-9086-15D0D6B9352C}.Debug|Any CPU.Deploy.0 = Debug|Any CPU
		{167BC045-604C-4BCE-9086-15D0D6B9352C}.Debug|x64.ActiveCfg = Debug|x64
		{167BC045-604C-4BCE-9086-15D0D6B9352C}.Debug|x64.Build.0 = Debug|x64
		{167BC045-604C-4BCE-9086-15D0D6B9352C}.Debug|x64.Deploy.0 = Debug|x64
		{167BC045-604C-4BCE-9086-15D0D6B9352C}.Release|Any CPU.ActiveCfg = Release|Any CPU
		{167BC045-604C-4BCE-9086-15D0D6B9352C}.Release|Any CPU.Build.0 = Release|Any CPU
		{167BC045-604C-4BCE-9086-15D0D6B9352C}.Release|Any CPU.Deploy.0 = Release|Any CPU
		{167BC045-604C-4BCE-9086-15D0D6B9352C}.Release|x64.ActiveCfg = Release|x64
		{167BC045-604C-4BCE-9086-15D0D6B9352C}.Release|x64.Build.0 = Release|x64
		{167BC045-604C-4BCE-9086-15D0D6B9352C}.Release|x64.Deploy.0 = Release|x64
	EndGlobalSection
	GlobalSection(SolutionProperties) = preSolution
		HideSolutionNode = FALSE
	EndGlobalSection
	GlobalSection(NestedProjects) = preSolution
		{63EC4C18-256B-4FA1-B2F3-C4E239AD1A28} = {FF3D4F10-C1EC-4649-872D-BCCD88E90AFA}
		{1E7DCB06-95AB-485A-A2AF-86362D52C7F5} = {5617500A-541B-4D2B-86DD-B4C228A1A761}
		{EB30FB3D-A0A1-4884-BBD8-C76D1FE4F6E7} = {FBBAA195-5595-48A5-B1C2-0B5041104172}
		{76F31848-DFDB-43EB-9167-E587CB04C38D} = {FBBAA195-5595-48A5-B1C2-0B5041104172}
		{167BC045-604C-4BCE-9086-15D0D6B9352C} = {C936AE25-F52D-47A3-A459-F387641BF9FE}
	EndGlobalSection
	GlobalSection(ExtensibilityGlobals) = postSolution
		SolutionGuid = {EEC32BA8-889C-4B43-9C02-A0A4AA7DFE38}
	EndGlobalSection
EndGlobal
