
Microsoft Visual Studio Solution File, Format Version 12.00
# Visual Studio Version 17
VisualStudioVersion = 17.1.31911.260
MinimumVisualStudioVersion = 10.0.40219.1
Project("{2150E333-8FDC-42A3-9474-1A3956D46DE8}") = "20. Libraries", "20. Libraries", "{56BE4659-E5CD-4474-B198-38AB02C2172A}"
EndProject
Project("{2150E333-8FDC-42A3-9474-1A3956D46DE8}") = "40. Data", "40. Data", "{E3DDBE1D-0A78-474C-BD58-FBF6C33469FD}"
EndProject
Project("{2150E333-8FDC-42A3-9474-1A3956D46DE8}") = "50. Services", "50. Services", "{18ED0905-F5AC-4A34-BB7D-A75199194F80}"
EndProject
Project("{9A19103F-16F7-4668-BE54-9A1E7A4F7556}") = "CG.Purple.SqlServer", "Data\CG.Purple.SqlServer\CG.Purple.SqlServer.csproj", "{0AAED765-52C0-41F4-84A9-7A43FDA1CAEA}"
EndProject
Project("{2150E333-8FDC-42A3-9474-1A3956D46DE8}") = "00. Solution Items", "00. Solution Items", "{A48756AF-260A-458D-891A-B2E51DF966BA}"
	ProjectSection(SolutionItems) = preProject
		..\Readme.md = ..\Readme.md
	EndProjectSection
EndProject
Project("{9A19103F-16F7-4668-BE54-9A1E7A4F7556}") = "CG.Purple.Primitives", "Libraries\CG.Purple.Primitives\CG.Purple.Primitives.csproj", "{EF3DB6E8-6DA9-4878-9244-EE62886DCE26}"
EndProject
Project("{9A19103F-16F7-4668-BE54-9A1E7A4F7556}") = "CG.Purple.Abstractions", "Libraries\CG.Purple.Abstractions\CG.Purple.Abstractions.csproj", "{4A217FDB-E41F-4B57-89D6-BDEC9A056917}"
EndProject
Project("{9A19103F-16F7-4668-BE54-9A1E7A4F7556}") = "CG.Purple", "Libraries\CG.Purple\CG.Purple.csproj", "{C9722FFE-35E9-4BA7-99AF-F5E3668B1FB0}"
EndProject
Project("{2150E333-8FDC-42A3-9474-1A3956D46DE8}") = "30. Providers", "30. Providers", "{C2510C03-E3A4-4ABB-B0DE-474591D81E97}"
EndProject
Project("{9A19103F-16F7-4668-BE54-9A1E7A4F7556}") = "CG.Purple.Seeding", "Libraries\CG.Purple.Seeding\CG.Purple.Seeding.csproj", "{23101016-F562-4C60-B24F-657F37B4C5B8}"
EndProject
Project("{9A19103F-16F7-4668-BE54-9A1E7A4F7556}") = "CG.Purple.Host", "Services\CG.Purple.Host\CG.Purple.Host.csproj", "{C63E8619-299E-4A3D-B3F3-51068054F966}"
EndProject
Project("{9A19103F-16F7-4668-BE54-9A1E7A4F7556}") = "CG.Purple.Host.Controllers", "Services\CG.Purple.Host.Controllers\CG.Purple.Host.Controllers.csproj", "{155BF107-1163-4931-917A-035DF10BDEA3}"
EndProject
Project("{9A19103F-16F7-4668-BE54-9A1E7A4F7556}") = "CG.Purple.Host.Services", "Services\CG.Purple.Host.Services\CG.Purple.Host.Services.csproj", "{C5B8B5FE-D4B6-4241-BF48-1C2CEA3E8D0F}"
EndProject
Project("{2150E333-8FDC-42A3-9474-1A3956D46DE8}") = "70. Tests", "70. Tests", "{FBBAA195-5595-48A5-B1C2-0B5041104172}"
EndProject
Project("{9A19103F-16F7-4668-BE54-9A1E7A4F7556}") = "CG.Purple.Host.Controllers.Tests", "..\tests\CG.Purple.Host.Controllers.Tests\CG.Purple.Host.Controllers.Tests.csproj", "{876B079B-DD95-4B5C-9AF1-297729E60CE4}"
EndProject
Project("{9A19103F-16F7-4668-BE54-9A1E7A4F7556}") = "CG.Purple.Host.Services.Tests", "..\tests\CG.Purple.Host.Services.Tests\CG.Purple.Host.Services.Tests.csproj", "{927D8063-E1AC-42E5-9280-5C9A11B480EB}"
EndProject
Project("{9A19103F-16F7-4668-BE54-9A1E7A4F7556}") = "CG.Purple.Host.Tests", "..\tests\CG.Purple.Host.Tests\CG.Purple.Host.Tests.csproj", "{5BC82A85-BB7D-4E48-B04B-61AB2B5C4044}"
EndProject
Project("{9A19103F-16F7-4668-BE54-9A1E7A4F7556}") = "CG.Purple.Seeding.Tests", "..\tests\CG.Purple.Seeding.Tests\CG.Purple.Seeding.Tests.csproj", "{1A0743E6-5C0B-4EDE-A0B6-35D6BA42F690}"
EndProject
Project("{9A19103F-16F7-4668-BE54-9A1E7A4F7556}") = "CG.Purple.SqlServer.Tests", "..\tests\CG.Purple.SqlServer.Tests\CG.Purple.SqlServer.Tests.csproj", "{CB680E8A-074A-4502-BECB-D6DF8E072A46}"
EndProject
Project("{9A19103F-16F7-4668-BE54-9A1E7A4F7556}") = "CG.Purple.Tests", "..\tests\CG.Purple.Tests\CG.Purple.Tests.csproj", "{278E4D86-45AE-4121-8AEE-D19766C24C25}"
EndProject
Project("{9A19103F-16F7-4668-BE54-9A1E7A4F7556}") = "CG.Purple.Providers", "Libraries\CG.Purple.Providers\CG.Purple.Providers.csproj", "{0A78D713-8647-4906-BF79-DF8EDC9901EF}"
EndProject
Project("{9A19103F-16F7-4668-BE54-9A1E7A4F7556}") = "CG.Purple.Providers.DoNothing", "Providers\CG.Purple.Providers.DoNothing\CG.Purple.Providers.DoNothing.csproj", "{A3F7033E-C2AE-4F5C-B5F4-C4D4509D2F3B}"
EndProject
Project("{9A19103F-16F7-4668-BE54-9A1E7A4F7556}") = "CG.Purple.Providers.SendGrid", "Providers\CG.Purple.Providers.SendGrid\CG.Purple.Providers.SendGrid.csproj", "{F7861B8E-EDB1-4E8B-B8FC-B5D47DDA380A}"
EndProject
Project("{9A19103F-16F7-4668-BE54-9A1E7A4F7556}") = "CG.Purple.Providers.Smtp", "Providers\CG.Purple.Providers.Smtp\CG.Purple.Providers.Smtp.csproj", "{CB653A82-AA5F-4156-9962-1FF825DF16D0}"
EndProject
Project("{2150E333-8FDC-42A3-9474-1A3956D46DE8}") = "10. Framework", "10. Framework", "{FF3D4F10-C1EC-4649-872D-BCCD88E90AFA}"
EndProject
Project("{9A19103F-16F7-4668-BE54-9A1E7A4F7556}") = "CG.Blazor", "Framework\CG.Blazor\CG.Blazor.csproj", "{70C0FD80-179B-44AC-9B91-9B544E467A0A}"
EndProject
Project("{9A19103F-16F7-4668-BE54-9A1E7A4F7556}") = "CG.Purple.Providers.Twillio", "Providers\CG.Purple.Providers.Twillio\CG.Purple.Providers.Twillio.csproj", "{F8B490E6-D4D9-4272-8501-6EFFDD514D41}"
EndProject
Project("{2150E333-8FDC-42A3-9474-1A3956D46DE8}") = "60. Tools", "60. Tools", "{0DF87896-7DBE-4F85-BF12-6F597D955796}"
EndProject
Project("{9A19103F-16F7-4668-BE54-9A1E7A4F7556}") = "CG.Purple.Providers.Tests", "..\tests\CG.Purple.Providers.Tests\CG.Purple.Providers.Tests.csproj", "{0BB34407-05AE-4EC8-9131-1875B9C22C4C}"
EndProject
Project("{9A19103F-16F7-4668-BE54-9A1E7A4F7556}") = "CG.Purple.Providers.SendGrid.Tests", "..\tests\CG.Purple.Providers.SendGrid.Tests\CG.Purple.Providers.SendGrid.Tests.csproj", "{154C568C-CE16-48C3-BD57-B8B2E3E9AEA1}"
EndProject
Project("{9A19103F-16F7-4668-BE54-9A1E7A4F7556}") = "CG.Purple.Providers.Smtp.Tests", "..\tests\CG.Purple.Providers.Smtp.Tests\CG.Purple.Providers.Smtp.Tests.csproj", "{8034A9B7-BFB7-436E-B0E5-1212282EEC50}"
EndProject
Project("{9A19103F-16F7-4668-BE54-9A1E7A4F7556}") = "CG.Purple.Providers.Twillio.Tests", "..\tests\CG.Purple.Providers.Twillio.Tests\CG.Purple.Providers.Twillio.Tests.csproj", "{BCD3CAFA-5DE3-4F6D-8741-7868D9B1084D}"
EndProject
Project("{FAE04EC0-301F-11D3-BF4B-00C04F79EFBC}") = "CG.Purple.Clients", "Libraries\CG.Purple.Clients\CG.Purple.Clients.csproj", "{AC22C2A0-8BDE-497C-86EC-344AE09B24E3}"
EndProject
Global
	GlobalSection(SolutionConfigurationPlatforms) = preSolution
		Debug|Any CPU = Debug|Any CPU
		Debug|x64 = Debug|x64
		Release|Any CPU = Release|Any CPU
		Release|x64 = Release|x64
	EndGlobalSection
	GlobalSection(ProjectConfigurationPlatforms) = postSolution
		{0AAED765-52C0-41F4-84A9-7A43FDA1CAEA}.Debug|Any CPU.ActiveCfg = Debug|Any CPU
		{0AAED765-52C0-41F4-84A9-7A43FDA1CAEA}.Debug|Any CPU.Build.0 = Debug|Any CPU
		{0AAED765-52C0-41F4-84A9-7A43FDA1CAEA}.Debug|x64.ActiveCfg = Debug|Any CPU
		{0AAED765-52C0-41F4-84A9-7A43FDA1CAEA}.Debug|x64.Build.0 = Debug|Any CPU
		{0AAED765-52C0-41F4-84A9-7A43FDA1CAEA}.Release|Any CPU.ActiveCfg = Release|Any CPU
		{0AAED765-52C0-41F4-84A9-7A43FDA1CAEA}.Release|Any CPU.Build.0 = Release|Any CPU
		{0AAED765-52C0-41F4-84A9-7A43FDA1CAEA}.Release|x64.ActiveCfg = Release|Any CPU
		{0AAED765-52C0-41F4-84A9-7A43FDA1CAEA}.Release|x64.Build.0 = Release|Any CPU
		{EF3DB6E8-6DA9-4878-9244-EE62886DCE26}.Debug|Any CPU.ActiveCfg = Debug|Any CPU
		{EF3DB6E8-6DA9-4878-9244-EE62886DCE26}.Debug|Any CPU.Build.0 = Debug|Any CPU
		{EF3DB6E8-6DA9-4878-9244-EE62886DCE26}.Debug|x64.ActiveCfg = Debug|Any CPU
		{EF3DB6E8-6DA9-4878-9244-EE62886DCE26}.Debug|x64.Build.0 = Debug|Any CPU
		{EF3DB6E8-6DA9-4878-9244-EE62886DCE26}.Release|Any CPU.ActiveCfg = Release|Any CPU
		{EF3DB6E8-6DA9-4878-9244-EE62886DCE26}.Release|Any CPU.Build.0 = Release|Any CPU
		{EF3DB6E8-6DA9-4878-9244-EE62886DCE26}.Release|x64.ActiveCfg = Release|Any CPU
		{EF3DB6E8-6DA9-4878-9244-EE62886DCE26}.Release|x64.Build.0 = Release|Any CPU
		{4A217FDB-E41F-4B57-89D6-BDEC9A056917}.Debug|Any CPU.ActiveCfg = Debug|Any CPU
		{4A217FDB-E41F-4B57-89D6-BDEC9A056917}.Debug|Any CPU.Build.0 = Debug|Any CPU
		{4A217FDB-E41F-4B57-89D6-BDEC9A056917}.Debug|x64.ActiveCfg = Debug|Any CPU
		{4A217FDB-E41F-4B57-89D6-BDEC9A056917}.Debug|x64.Build.0 = Debug|Any CPU
		{4A217FDB-E41F-4B57-89D6-BDEC9A056917}.Release|Any CPU.ActiveCfg = Release|Any CPU
		{4A217FDB-E41F-4B57-89D6-BDEC9A056917}.Release|Any CPU.Build.0 = Release|Any CPU
		{4A217FDB-E41F-4B57-89D6-BDEC9A056917}.Release|x64.ActiveCfg = Release|Any CPU
		{4A217FDB-E41F-4B57-89D6-BDEC9A056917}.Release|x64.Build.0 = Release|Any CPU
		{C9722FFE-35E9-4BA7-99AF-F5E3668B1FB0}.Debug|Any CPU.ActiveCfg = Debug|Any CPU
		{C9722FFE-35E9-4BA7-99AF-F5E3668B1FB0}.Debug|Any CPU.Build.0 = Debug|Any CPU
		{C9722FFE-35E9-4BA7-99AF-F5E3668B1FB0}.Debug|x64.ActiveCfg = Debug|Any CPU
		{C9722FFE-35E9-4BA7-99AF-F5E3668B1FB0}.Debug|x64.Build.0 = Debug|Any CPU
		{C9722FFE-35E9-4BA7-99AF-F5E3668B1FB0}.Release|Any CPU.ActiveCfg = Release|Any CPU
		{C9722FFE-35E9-4BA7-99AF-F5E3668B1FB0}.Release|Any CPU.Build.0 = Release|Any CPU
		{C9722FFE-35E9-4BA7-99AF-F5E3668B1FB0}.Release|x64.ActiveCfg = Release|Any CPU
		{C9722FFE-35E9-4BA7-99AF-F5E3668B1FB0}.Release|x64.Build.0 = Release|Any CPU
		{23101016-F562-4C60-B24F-657F37B4C5B8}.Debug|Any CPU.ActiveCfg = Debug|Any CPU
		{23101016-F562-4C60-B24F-657F37B4C5B8}.Debug|Any CPU.Build.0 = Debug|Any CPU
		{23101016-F562-4C60-B24F-657F37B4C5B8}.Debug|x64.ActiveCfg = Debug|Any CPU
		{23101016-F562-4C60-B24F-657F37B4C5B8}.Debug|x64.Build.0 = Debug|Any CPU
		{23101016-F562-4C60-B24F-657F37B4C5B8}.Release|Any CPU.ActiveCfg = Release|Any CPU
		{23101016-F562-4C60-B24F-657F37B4C5B8}.Release|Any CPU.Build.0 = Release|Any CPU
		{23101016-F562-4C60-B24F-657F37B4C5B8}.Release|x64.ActiveCfg = Release|Any CPU
		{23101016-F562-4C60-B24F-657F37B4C5B8}.Release|x64.Build.0 = Release|Any CPU
		{C63E8619-299E-4A3D-B3F3-51068054F966}.Debug|Any CPU.ActiveCfg = Debug|Any CPU
		{C63E8619-299E-4A3D-B3F3-51068054F966}.Debug|Any CPU.Build.0 = Debug|Any CPU
		{C63E8619-299E-4A3D-B3F3-51068054F966}.Debug|x64.ActiveCfg = Debug|Any CPU
		{C63E8619-299E-4A3D-B3F3-51068054F966}.Debug|x64.Build.0 = Debug|Any CPU
		{C63E8619-299E-4A3D-B3F3-51068054F966}.Release|Any CPU.ActiveCfg = Release|Any CPU
		{C63E8619-299E-4A3D-B3F3-51068054F966}.Release|Any CPU.Build.0 = Release|Any CPU
		{C63E8619-299E-4A3D-B3F3-51068054F966}.Release|x64.ActiveCfg = Release|Any CPU
		{C63E8619-299E-4A3D-B3F3-51068054F966}.Release|x64.Build.0 = Release|Any CPU
		{155BF107-1163-4931-917A-035DF10BDEA3}.Debug|Any CPU.ActiveCfg = Debug|Any CPU
		{155BF107-1163-4931-917A-035DF10BDEA3}.Debug|Any CPU.Build.0 = Debug|Any CPU
		{155BF107-1163-4931-917A-035DF10BDEA3}.Debug|x64.ActiveCfg = Debug|Any CPU
		{155BF107-1163-4931-917A-035DF10BDEA3}.Debug|x64.Build.0 = Debug|Any CPU
		{155BF107-1163-4931-917A-035DF10BDEA3}.Release|Any CPU.ActiveCfg = Release|Any CPU
		{155BF107-1163-4931-917A-035DF10BDEA3}.Release|Any CPU.Build.0 = Release|Any CPU
		{155BF107-1163-4931-917A-035DF10BDEA3}.Release|x64.ActiveCfg = Release|Any CPU
		{155BF107-1163-4931-917A-035DF10BDEA3}.Release|x64.Build.0 = Release|Any CPU
		{C5B8B5FE-D4B6-4241-BF48-1C2CEA3E8D0F}.Debug|Any CPU.ActiveCfg = Debug|Any CPU
		{C5B8B5FE-D4B6-4241-BF48-1C2CEA3E8D0F}.Debug|Any CPU.Build.0 = Debug|Any CPU
		{C5B8B5FE-D4B6-4241-BF48-1C2CEA3E8D0F}.Debug|x64.ActiveCfg = Debug|Any CPU
		{C5B8B5FE-D4B6-4241-BF48-1C2CEA3E8D0F}.Debug|x64.Build.0 = Debug|Any CPU
		{C5B8B5FE-D4B6-4241-BF48-1C2CEA3E8D0F}.Release|Any CPU.ActiveCfg = Release|Any CPU
		{C5B8B5FE-D4B6-4241-BF48-1C2CEA3E8D0F}.Release|Any CPU.Build.0 = Release|Any CPU
		{C5B8B5FE-D4B6-4241-BF48-1C2CEA3E8D0F}.Release|x64.ActiveCfg = Release|Any CPU
		{C5B8B5FE-D4B6-4241-BF48-1C2CEA3E8D0F}.Release|x64.Build.0 = Release|Any CPU
		{876B079B-DD95-4B5C-9AF1-297729E60CE4}.Debug|Any CPU.ActiveCfg = Debug|Any CPU
		{876B079B-DD95-4B5C-9AF1-297729E60CE4}.Debug|Any CPU.Build.0 = Debug|Any CPU
		{876B079B-DD95-4B5C-9AF1-297729E60CE4}.Debug|x64.ActiveCfg = Debug|Any CPU
		{876B079B-DD95-4B5C-9AF1-297729E60CE4}.Debug|x64.Build.0 = Debug|Any CPU
		{876B079B-DD95-4B5C-9AF1-297729E60CE4}.Release|Any CPU.ActiveCfg = Release|Any CPU
		{876B079B-DD95-4B5C-9AF1-297729E60CE4}.Release|Any CPU.Build.0 = Release|Any CPU
		{876B079B-DD95-4B5C-9AF1-297729E60CE4}.Release|x64.ActiveCfg = Release|Any CPU
		{876B079B-DD95-4B5C-9AF1-297729E60CE4}.Release|x64.Build.0 = Release|Any CPU
		{927D8063-E1AC-42E5-9280-5C9A11B480EB}.Debug|Any CPU.ActiveCfg = Debug|Any CPU
		{927D8063-E1AC-42E5-9280-5C9A11B480EB}.Debug|Any CPU.Build.0 = Debug|Any CPU
		{927D8063-E1AC-42E5-9280-5C9A11B480EB}.Debug|x64.ActiveCfg = Debug|Any CPU
		{927D8063-E1AC-42E5-9280-5C9A11B480EB}.Debug|x64.Build.0 = Debug|Any CPU
		{927D8063-E1AC-42E5-9280-5C9A11B480EB}.Release|Any CPU.ActiveCfg = Release|Any CPU
		{927D8063-E1AC-42E5-9280-5C9A11B480EB}.Release|Any CPU.Build.0 = Release|Any CPU
		{927D8063-E1AC-42E5-9280-5C9A11B480EB}.Release|x64.ActiveCfg = Release|Any CPU
		{927D8063-E1AC-42E5-9280-5C9A11B480EB}.Release|x64.Build.0 = Release|Any CPU
		{5BC82A85-BB7D-4E48-B04B-61AB2B5C4044}.Debug|Any CPU.ActiveCfg = Debug|Any CPU
		{5BC82A85-BB7D-4E48-B04B-61AB2B5C4044}.Debug|Any CPU.Build.0 = Debug|Any CPU
		{5BC82A85-BB7D-4E48-B04B-61AB2B5C4044}.Debug|x64.ActiveCfg = Debug|Any CPU
		{5BC82A85-BB7D-4E48-B04B-61AB2B5C4044}.Debug|x64.Build.0 = Debug|Any CPU
		{5BC82A85-BB7D-4E48-B04B-61AB2B5C4044}.Release|Any CPU.ActiveCfg = Release|Any CPU
		{5BC82A85-BB7D-4E48-B04B-61AB2B5C4044}.Release|Any CPU.Build.0 = Release|Any CPU
		{5BC82A85-BB7D-4E48-B04B-61AB2B5C4044}.Release|x64.ActiveCfg = Release|Any CPU
		{5BC82A85-BB7D-4E48-B04B-61AB2B5C4044}.Release|x64.Build.0 = Release|Any CPU
		{1A0743E6-5C0B-4EDE-A0B6-35D6BA42F690}.Debug|Any CPU.ActiveCfg = Debug|Any CPU
		{1A0743E6-5C0B-4EDE-A0B6-35D6BA42F690}.Debug|Any CPU.Build.0 = Debug|Any CPU
		{1A0743E6-5C0B-4EDE-A0B6-35D6BA42F690}.Debug|x64.ActiveCfg = Debug|Any CPU
		{1A0743E6-5C0B-4EDE-A0B6-35D6BA42F690}.Debug|x64.Build.0 = Debug|Any CPU
		{1A0743E6-5C0B-4EDE-A0B6-35D6BA42F690}.Release|Any CPU.ActiveCfg = Release|Any CPU
		{1A0743E6-5C0B-4EDE-A0B6-35D6BA42F690}.Release|Any CPU.Build.0 = Release|Any CPU
		{1A0743E6-5C0B-4EDE-A0B6-35D6BA42F690}.Release|x64.ActiveCfg = Release|Any CPU
		{1A0743E6-5C0B-4EDE-A0B6-35D6BA42F690}.Release|x64.Build.0 = Release|Any CPU
		{CB680E8A-074A-4502-BECB-D6DF8E072A46}.Debug|Any CPU.ActiveCfg = Debug|Any CPU
		{CB680E8A-074A-4502-BECB-D6DF8E072A46}.Debug|Any CPU.Build.0 = Debug|Any CPU
		{CB680E8A-074A-4502-BECB-D6DF8E072A46}.Debug|x64.ActiveCfg = Debug|Any CPU
		{CB680E8A-074A-4502-BECB-D6DF8E072A46}.Debug|x64.Build.0 = Debug|Any CPU
		{CB680E8A-074A-4502-BECB-D6DF8E072A46}.Release|Any CPU.ActiveCfg = Release|Any CPU
		{CB680E8A-074A-4502-BECB-D6DF8E072A46}.Release|Any CPU.Build.0 = Release|Any CPU
		{CB680E8A-074A-4502-BECB-D6DF8E072A46}.Release|x64.ActiveCfg = Release|Any CPU
		{CB680E8A-074A-4502-BECB-D6DF8E072A46}.Release|x64.Build.0 = Release|Any CPU
		{278E4D86-45AE-4121-8AEE-D19766C24C25}.Debug|Any CPU.ActiveCfg = Debug|Any CPU
		{278E4D86-45AE-4121-8AEE-D19766C24C25}.Debug|Any CPU.Build.0 = Debug|Any CPU
		{278E4D86-45AE-4121-8AEE-D19766C24C25}.Debug|x64.ActiveCfg = Debug|Any CPU
		{278E4D86-45AE-4121-8AEE-D19766C24C25}.Debug|x64.Build.0 = Debug|Any CPU
		{278E4D86-45AE-4121-8AEE-D19766C24C25}.Release|Any CPU.ActiveCfg = Release|Any CPU
		{278E4D86-45AE-4121-8AEE-D19766C24C25}.Release|Any CPU.Build.0 = Release|Any CPU
		{278E4D86-45AE-4121-8AEE-D19766C24C25}.Release|x64.ActiveCfg = Release|Any CPU
		{278E4D86-45AE-4121-8AEE-D19766C24C25}.Release|x64.Build.0 = Release|Any CPU
		{0A78D713-8647-4906-BF79-DF8EDC9901EF}.Debug|Any CPU.ActiveCfg = Debug|Any CPU
		{0A78D713-8647-4906-BF79-DF8EDC9901EF}.Debug|Any CPU.Build.0 = Debug|Any CPU
		{0A78D713-8647-4906-BF79-DF8EDC9901EF}.Debug|x64.ActiveCfg = Debug|Any CPU
		{0A78D713-8647-4906-BF79-DF8EDC9901EF}.Debug|x64.Build.0 = Debug|Any CPU
		{0A78D713-8647-4906-BF79-DF8EDC9901EF}.Release|Any CPU.ActiveCfg = Release|Any CPU
		{0A78D713-8647-4906-BF79-DF8EDC9901EF}.Release|Any CPU.Build.0 = Release|Any CPU
		{0A78D713-8647-4906-BF79-DF8EDC9901EF}.Release|x64.ActiveCfg = Release|Any CPU
		{0A78D713-8647-4906-BF79-DF8EDC9901EF}.Release|x64.Build.0 = Release|Any CPU
		{A3F7033E-C2AE-4F5C-B5F4-C4D4509D2F3B}.Debug|Any CPU.ActiveCfg = Debug|Any CPU
		{A3F7033E-C2AE-4F5C-B5F4-C4D4509D2F3B}.Debug|Any CPU.Build.0 = Debug|Any CPU
		{A3F7033E-C2AE-4F5C-B5F4-C4D4509D2F3B}.Debug|x64.ActiveCfg = Debug|Any CPU
		{A3F7033E-C2AE-4F5C-B5F4-C4D4509D2F3B}.Debug|x64.Build.0 = Debug|Any CPU
		{A3F7033E-C2AE-4F5C-B5F4-C4D4509D2F3B}.Release|Any CPU.ActiveCfg = Release|Any CPU
		{A3F7033E-C2AE-4F5C-B5F4-C4D4509D2F3B}.Release|Any CPU.Build.0 = Release|Any CPU
		{A3F7033E-C2AE-4F5C-B5F4-C4D4509D2F3B}.Release|x64.ActiveCfg = Release|Any CPU
		{A3F7033E-C2AE-4F5C-B5F4-C4D4509D2F3B}.Release|x64.Build.0 = Release|Any CPU
		{F7861B8E-EDB1-4E8B-B8FC-B5D47DDA380A}.Debug|Any CPU.ActiveCfg = Debug|Any CPU
		{F7861B8E-EDB1-4E8B-B8FC-B5D47DDA380A}.Debug|Any CPU.Build.0 = Debug|Any CPU
		{F7861B8E-EDB1-4E8B-B8FC-B5D47DDA380A}.Debug|x64.ActiveCfg = Debug|Any CPU
		{F7861B8E-EDB1-4E8B-B8FC-B5D47DDA380A}.Debug|x64.Build.0 = Debug|Any CPU
		{F7861B8E-EDB1-4E8B-B8FC-B5D47DDA380A}.Release|Any CPU.ActiveCfg = Release|Any CPU
		{F7861B8E-EDB1-4E8B-B8FC-B5D47DDA380A}.Release|Any CPU.Build.0 = Release|Any CPU
		{F7861B8E-EDB1-4E8B-B8FC-B5D47DDA380A}.Release|x64.ActiveCfg = Release|Any CPU
		{F7861B8E-EDB1-4E8B-B8FC-B5D47DDA380A}.Release|x64.Build.0 = Release|Any CPU
		{CB653A82-AA5F-4156-9962-1FF825DF16D0}.Debug|Any CPU.ActiveCfg = Debug|Any CPU
		{CB653A82-AA5F-4156-9962-1FF825DF16D0}.Debug|Any CPU.Build.0 = Debug|Any CPU
		{CB653A82-AA5F-4156-9962-1FF825DF16D0}.Debug|x64.ActiveCfg = Debug|Any CPU
		{CB653A82-AA5F-4156-9962-1FF825DF16D0}.Debug|x64.Build.0 = Debug|Any CPU
		{CB653A82-AA5F-4156-9962-1FF825DF16D0}.Release|Any CPU.ActiveCfg = Release|Any CPU
		{CB653A82-AA5F-4156-9962-1FF825DF16D0}.Release|Any CPU.Build.0 = Release|Any CPU
		{CB653A82-AA5F-4156-9962-1FF825DF16D0}.Release|x64.ActiveCfg = Release|Any CPU
		{CB653A82-AA5F-4156-9962-1FF825DF16D0}.Release|x64.Build.0 = Release|Any CPU
		{70C0FD80-179B-44AC-9B91-9B544E467A0A}.Debug|Any CPU.ActiveCfg = Debug|Any CPU
		{70C0FD80-179B-44AC-9B91-9B544E467A0A}.Debug|Any CPU.Build.0 = Debug|Any CPU
		{70C0FD80-179B-44AC-9B91-9B544E467A0A}.Debug|x64.ActiveCfg = Debug|x64
		{70C0FD80-179B-44AC-9B91-9B544E467A0A}.Debug|x64.Build.0 = Debug|x64
		{70C0FD80-179B-44AC-9B91-9B544E467A0A}.Release|Any CPU.ActiveCfg = Release|Any CPU
		{70C0FD80-179B-44AC-9B91-9B544E467A0A}.Release|Any CPU.Build.0 = Release|Any CPU
		{70C0FD80-179B-44AC-9B91-9B544E467A0A}.Release|x64.ActiveCfg = Release|x64
		{70C0FD80-179B-44AC-9B91-9B544E467A0A}.Release|x64.Build.0 = Release|x64
		{F8B490E6-D4D9-4272-8501-6EFFDD514D41}.Debug|Any CPU.ActiveCfg = Debug|Any CPU
		{F8B490E6-D4D9-4272-8501-6EFFDD514D41}.Debug|Any CPU.Build.0 = Debug|Any CPU
		{F8B490E6-D4D9-4272-8501-6EFFDD514D41}.Debug|x64.ActiveCfg = Debug|Any CPU
		{F8B490E6-D4D9-4272-8501-6EFFDD514D41}.Debug|x64.Build.0 = Debug|Any CPU
		{F8B490E6-D4D9-4272-8501-6EFFDD514D41}.Release|Any CPU.ActiveCfg = Release|Any CPU
		{F8B490E6-D4D9-4272-8501-6EFFDD514D41}.Release|Any CPU.Build.0 = Release|Any CPU
		{F8B490E6-D4D9-4272-8501-6EFFDD514D41}.Release|x64.ActiveCfg = Release|Any CPU
		{F8B490E6-D4D9-4272-8501-6EFFDD514D41}.Release|x64.Build.0 = Release|Any CPU
		{0BB34407-05AE-4EC8-9131-1875B9C22C4C}.Debug|Any CPU.ActiveCfg = Debug|Any CPU
		{0BB34407-05AE-4EC8-9131-1875B9C22C4C}.Debug|Any CPU.Build.0 = Debug|Any CPU
		{0BB34407-05AE-4EC8-9131-1875B9C22C4C}.Debug|x64.ActiveCfg = Debug|x64
		{0BB34407-05AE-4EC8-9131-1875B9C22C4C}.Debug|x64.Build.0 = Debug|x64
		{0BB34407-05AE-4EC8-9131-1875B9C22C4C}.Release|Any CPU.ActiveCfg = Release|Any CPU
		{0BB34407-05AE-4EC8-9131-1875B9C22C4C}.Release|Any CPU.Build.0 = Release|Any CPU
		{0BB34407-05AE-4EC8-9131-1875B9C22C4C}.Release|x64.ActiveCfg = Release|x64
		{0BB34407-05AE-4EC8-9131-1875B9C22C4C}.Release|x64.Build.0 = Release|x64
		{154C568C-CE16-48C3-BD57-B8B2E3E9AEA1}.Debug|Any CPU.ActiveCfg = Debug|Any CPU
		{154C568C-CE16-48C3-BD57-B8B2E3E9AEA1}.Debug|Any CPU.Build.0 = Debug|Any CPU
		{154C568C-CE16-48C3-BD57-B8B2E3E9AEA1}.Debug|x64.ActiveCfg = Debug|x64
		{154C568C-CE16-48C3-BD57-B8B2E3E9AEA1}.Debug|x64.Build.0 = Debug|x64
		{154C568C-CE16-48C3-BD57-B8B2E3E9AEA1}.Release|Any CPU.ActiveCfg = Release|Any CPU
		{154C568C-CE16-48C3-BD57-B8B2E3E9AEA1}.Release|Any CPU.Build.0 = Release|Any CPU
		{154C568C-CE16-48C3-BD57-B8B2E3E9AEA1}.Release|x64.ActiveCfg = Release|x64
		{154C568C-CE16-48C3-BD57-B8B2E3E9AEA1}.Release|x64.Build.0 = Release|x64
		{8034A9B7-BFB7-436E-B0E5-1212282EEC50}.Debug|Any CPU.ActiveCfg = Debug|Any CPU
		{8034A9B7-BFB7-436E-B0E5-1212282EEC50}.Debug|Any CPU.Build.0 = Debug|Any CPU
		{8034A9B7-BFB7-436E-B0E5-1212282EEC50}.Debug|x64.ActiveCfg = Debug|x64
		{8034A9B7-BFB7-436E-B0E5-1212282EEC50}.Debug|x64.Build.0 = Debug|x64
		{8034A9B7-BFB7-436E-B0E5-1212282EEC50}.Release|Any CPU.ActiveCfg = Release|Any CPU
		{8034A9B7-BFB7-436E-B0E5-1212282EEC50}.Release|Any CPU.Build.0 = Release|Any CPU
		{8034A9B7-BFB7-436E-B0E5-1212282EEC50}.Release|x64.ActiveCfg = Release|x64
		{8034A9B7-BFB7-436E-B0E5-1212282EEC50}.Release|x64.Build.0 = Release|x64
		{BCD3CAFA-5DE3-4F6D-8741-7868D9B1084D}.Debug|Any CPU.ActiveCfg = Debug|Any CPU
		{BCD3CAFA-5DE3-4F6D-8741-7868D9B1084D}.Debug|Any CPU.Build.0 = Debug|Any CPU
		{BCD3CAFA-5DE3-4F6D-8741-7868D9B1084D}.Debug|x64.ActiveCfg = Debug|x64
		{BCD3CAFA-5DE3-4F6D-8741-7868D9B1084D}.Debug|x64.Build.0 = Debug|x64
		{BCD3CAFA-5DE3-4F6D-8741-7868D9B1084D}.Release|Any CPU.ActiveCfg = Release|Any CPU
		{BCD3CAFA-5DE3-4F6D-8741-7868D9B1084D}.Release|Any CPU.Build.0 = Release|Any CPU
		{BCD3CAFA-5DE3-4F6D-8741-7868D9B1084D}.Release|x64.ActiveCfg = Release|x64
		{BCD3CAFA-5DE3-4F6D-8741-7868D9B1084D}.Release|x64.Build.0 = Release|x64
		{AC22C2A0-8BDE-497C-86EC-344AE09B24E3}.Debug|Any CPU.ActiveCfg = Debug|Any CPU
		{AC22C2A0-8BDE-497C-86EC-344AE09B24E3}.Debug|Any CPU.Build.0 = Debug|Any CPU
		{AC22C2A0-8BDE-497C-86EC-344AE09B24E3}.Debug|x64.ActiveCfg = Debug|Any CPU
		{AC22C2A0-8BDE-497C-86EC-344AE09B24E3}.Debug|x64.Build.0 = Debug|Any CPU
		{AC22C2A0-8BDE-497C-86EC-344AE09B24E3}.Release|Any CPU.ActiveCfg = Release|Any CPU
		{AC22C2A0-8BDE-497C-86EC-344AE09B24E3}.Release|Any CPU.Build.0 = Release|Any CPU
		{AC22C2A0-8BDE-497C-86EC-344AE09B24E3}.Release|x64.ActiveCfg = Release|Any CPU
		{AC22C2A0-8BDE-497C-86EC-344AE09B24E3}.Release|x64.Build.0 = Release|Any CPU
	EndGlobalSection
	GlobalSection(SolutionProperties) = preSolution
		HideSolutionNode = FALSE
	EndGlobalSection
	GlobalSection(NestedProjects) = preSolution
		{0AAED765-52C0-41F4-84A9-7A43FDA1CAEA} = {E3DDBE1D-0A78-474C-BD58-FBF6C33469FD}
		{EF3DB6E8-6DA9-4878-9244-EE62886DCE26} = {56BE4659-E5CD-4474-B198-38AB02C2172A}
		{4A217FDB-E41F-4B57-89D6-BDEC9A056917} = {56BE4659-E5CD-4474-B198-38AB02C2172A}
		{C9722FFE-35E9-4BA7-99AF-F5E3668B1FB0} = {56BE4659-E5CD-4474-B198-38AB02C2172A}
		{23101016-F562-4C60-B24F-657F37B4C5B8} = {56BE4659-E5CD-4474-B198-38AB02C2172A}
		{C63E8619-299E-4A3D-B3F3-51068054F966} = {18ED0905-F5AC-4A34-BB7D-A75199194F80}
		{155BF107-1163-4931-917A-035DF10BDEA3} = {18ED0905-F5AC-4A34-BB7D-A75199194F80}
		{C5B8B5FE-D4B6-4241-BF48-1C2CEA3E8D0F} = {18ED0905-F5AC-4A34-BB7D-A75199194F80}
		{876B079B-DD95-4B5C-9AF1-297729E60CE4} = {FBBAA195-5595-48A5-B1C2-0B5041104172}
		{927D8063-E1AC-42E5-9280-5C9A11B480EB} = {FBBAA195-5595-48A5-B1C2-0B5041104172}
		{5BC82A85-BB7D-4E48-B04B-61AB2B5C4044} = {FBBAA195-5595-48A5-B1C2-0B5041104172}
		{1A0743E6-5C0B-4EDE-A0B6-35D6BA42F690} = {FBBAA195-5595-48A5-B1C2-0B5041104172}
		{CB680E8A-074A-4502-BECB-D6DF8E072A46} = {FBBAA195-5595-48A5-B1C2-0B5041104172}
		{278E4D86-45AE-4121-8AEE-D19766C24C25} = {FBBAA195-5595-48A5-B1C2-0B5041104172}
		{0A78D713-8647-4906-BF79-DF8EDC9901EF} = {56BE4659-E5CD-4474-B198-38AB02C2172A}
		{A3F7033E-C2AE-4F5C-B5F4-C4D4509D2F3B} = {C2510C03-E3A4-4ABB-B0DE-474591D81E97}
		{F7861B8E-EDB1-4E8B-B8FC-B5D47DDA380A} = {C2510C03-E3A4-4ABB-B0DE-474591D81E97}
		{CB653A82-AA5F-4156-9962-1FF825DF16D0} = {C2510C03-E3A4-4ABB-B0DE-474591D81E97}
		{70C0FD80-179B-44AC-9B91-9B544E467A0A} = {FF3D4F10-C1EC-4649-872D-BCCD88E90AFA}
		{F8B490E6-D4D9-4272-8501-6EFFDD514D41} = {C2510C03-E3A4-4ABB-B0DE-474591D81E97}
		{0BB34407-05AE-4EC8-9131-1875B9C22C4C} = {FBBAA195-5595-48A5-B1C2-0B5041104172}
		{154C568C-CE16-48C3-BD57-B8B2E3E9AEA1} = {FBBAA195-5595-48A5-B1C2-0B5041104172}
		{8034A9B7-BFB7-436E-B0E5-1212282EEC50} = {FBBAA195-5595-48A5-B1C2-0B5041104172}
		{BCD3CAFA-5DE3-4F6D-8741-7868D9B1084D} = {FBBAA195-5595-48A5-B1C2-0B5041104172}
		{AC22C2A0-8BDE-497C-86EC-344AE09B24E3} = {56BE4659-E5CD-4474-B198-38AB02C2172A}
	EndGlobalSection
	GlobalSection(ExtensibilityGlobals) = postSolution
		SolutionGuid = {EEC32BA8-889C-4B43-9C02-A0A4AA7DFE38}
	EndGlobalSection
EndGlobal
